
Microsoft Visual Studio Solution File, Format Version 12.00
# Visual Studio Version 16
VisualStudioVersion = 16.0.33027.164
MinimumVisualStudioVersion = 10.0.40219.1
Project("{FAE04EC0-301F-11D3-BF4B-00C04F79EFBC}") = "Csharp_xml_test", "Csharp_xml_test\Csharp_xml_test.csproj", "{2E0EA0CA-B232-4B09-B213-3DDD7104DF4D}"
EndProject
Global
	GlobalSection(SolutionConfigurationPlatforms) = preSolution
		Debug|Any CPU = Debug|Any CPU
		Release|Any CPU = Release|Any CPU
	EndGlobalSection
	GlobalSection(ProjectConfigurationPlatforms) = postSolution
		{2E0EA0CA-B232-4B09-B213-3DDD7104DF4D}.Debug|Any CPU.ActiveCfg = Debug|Any CPU
		{2E0EA0CA-B232-4B09-B213-3DDD7104DF4D}.Debug|Any CPU.Build.0 = Debug|Any CPU
		{2E0EA0CA-B232-4B09-B213-3DDD7104DF4D}.Release|Any CPU.ActiveCfg = Release|Any CPU
		{2E0EA0CA-B232-4B09-B213-3DDD7104DF4D}.Release|Any CPU.Build.0 = Release|Any CPU
	EndGlobalSection
	GlobalSection(SolutionProperties) = preSolution
		HideSolutionNode = FALSE
	EndGlobalSection
	GlobalSection(ExtensibilityGlobals) = postSolution
		SolutionGuid = {3813DBDD-2E15-4AFB-84C8-177CA315E87E}
	EndGlobalSection
EndGlobal
